
Microsoft Visual Studio Solution File, Format Version 12.00
Project("{2150E333-8FDC-42A3-9474-1A3956D46DE8}") = "test", "test", "{FB6F5DB4-02B8-4679-AD84-1FE13290E1CD}"
EndProject
Project("{2150E333-8FDC-42A3-9474-1A3956D46DE8}") = "src", "src", "{0541CA0B-6248-471D-993F-A38BD7C0E22A}"
EndProject
Project("{FAE04EC0-301F-11D3-BF4B-00C04F79EFBC}") = "Sigger.GeneratorTest", "test\Sigger.GeneratorTest\Sigger.GeneratorTest.csproj", "{AC7B0160-B994-4F91-9DA4-075874BE3DEE}"
EndProject
Project("{FAE04EC0-301F-11D3-BF4B-00C04F79EFBC}") = "Sigger.Generator", "src\Sigger.Generator\Sigger.Generator.csproj", "{0078454C-9DAA-4E32-93C9-0061F88365C0}"
EndProject
Project("{FAE04EC0-301F-11D3-BF4B-00C04F79EFBC}") = "Sigger.Abstractions", "src\Sigger.Abstractions\Sigger.Abstractions.csproj", "{65C628DF-87B0-409A-8F2A-593FB516D2A6}"
EndProject
Project("{2150E333-8FDC-42A3-9474-1A3956D46DE8}") = "demo", "demo", "{B64D3BDF-19EA-435E-8A13-06FBCE69A637}"
EndProject
Project("{FAE04EC0-301F-11D3-BF4B-00C04F79EFBC}") = "Sigger.Web.Demo", "demo\Sigger.Web.Demo\Sigger.Web.Demo.csproj", "{C93CCB84-F3D6-4D1A-82FA-01D9583AC4B4}"
EndProject
Project("{FAE04EC0-301F-11D3-BF4B-00C04F79EFBC}") = "Sigger.Extensions", "src\Sigger.Extensions\Sigger.Extensions.csproj", "{04E124F5-CCAA-4247-8B04-543377A49D5D}"
EndProject
Project("{FAE04EC0-301F-11D3-BF4B-00C04F79EFBC}") = "Sigger.Web.GettingStarted", "demo\Sigger.Web.GettingStarted\Sigger.Web.GettingStarted.csproj", "{949461F7-2E23-4F6C-BEC1-3B6FFE6AD385}"
EndProject
Project("{FAE04EC0-301F-11D3-BF4B-00C04F79EFBC}") = "Sigger.UI", "src\Sigger.UI\Sigger.UI.csproj", "{D07B2F4F-3184-405C-8E72-FADAE7CF4605}"
EndProject
Project("{2150E333-8FDC-42A3-9474-1A3956D46DE8}") = "build", "build", "{E912BDA1-2ED8-4DE5-B4B5-C1777D03EF00}"
	ProjectSection(SolutionItems) = preProject
		scripts\deploy.ps1 = scripts\deploy.ps1
		directory.build.targets = directory.build.targets
	EndProjectSection
EndProject
Global
	GlobalSection(SolutionConfigurationPlatforms) = preSolution
		Debug|Any CPU = Debug|Any CPU
		Release|Any CPU = Release|Any CPU
	EndGlobalSection
	GlobalSection(NestedProjects) = preSolution
		{AC7B0160-B994-4F91-9DA4-075874BE3DEE} = {FB6F5DB4-02B8-4679-AD84-1FE13290E1CD}
		{0078454C-9DAA-4E32-93C9-0061F88365C0} = {0541CA0B-6248-471D-993F-A38BD7C0E22A}
		{65C628DF-87B0-409A-8F2A-593FB516D2A6} = {0541CA0B-6248-471D-993F-A38BD7C0E22A}
		{C93CCB84-F3D6-4D1A-82FA-01D9583AC4B4} = {B64D3BDF-19EA-435E-8A13-06FBCE69A637}
		{04E124F5-CCAA-4247-8B04-543377A49D5D} = {0541CA0B-6248-471D-993F-A38BD7C0E22A}
		{949461F7-2E23-4F6C-BEC1-3B6FFE6AD385} = {B64D3BDF-19EA-435E-8A13-06FBCE69A637}
		{D07B2F4F-3184-405C-8E72-FADAE7CF4605} = {0541CA0B-6248-471D-993F-A38BD7C0E22A}
	EndGlobalSection
	GlobalSection(ProjectConfigurationPlatforms) = postSolution
		{AC7B0160-B994-4F91-9DA4-075874BE3DEE}.Debug|Any CPU.ActiveCfg = Debug|Any CPU
		{AC7B0160-B994-4F91-9DA4-075874BE3DEE}.Debug|Any CPU.Build.0 = Debug|Any CPU
		{AC7B0160-B994-4F91-9DA4-075874BE3DEE}.Release|Any CPU.ActiveCfg = Release|Any CPU
		{AC7B0160-B994-4F91-9DA4-075874BE3DEE}.Release|Any CPU.Build.0 = Release|Any CPU
		{0078454C-9DAA-4E32-93C9-0061F88365C0}.Debug|Any CPU.ActiveCfg = Debug|Any CPU
		{0078454C-9DAA-4E32-93C9-0061F88365C0}.Debug|Any CPU.Build.0 = Debug|Any CPU
		{0078454C-9DAA-4E32-93C9-0061F88365C0}.Release|Any CPU.ActiveCfg = Release|Any CPU
		{0078454C-9DAA-4E32-93C9-0061F88365C0}.Release|Any CPU.Build.0 = Release|Any CPU
		{65C628DF-87B0-409A-8F2A-593FB516D2A6}.Debug|Any CPU.ActiveCfg = Debug|Any CPU
		{65C628DF-87B0-409A-8F2A-593FB516D2A6}.Debug|Any CPU.Build.0 = Debug|Any CPU
		{65C628DF-87B0-409A-8F2A-593FB516D2A6}.Release|Any CPU.ActiveCfg = Release|Any CPU
		{65C628DF-87B0-409A-8F2A-593FB516D2A6}.Release|Any CPU.Build.0 = Release|Any CPU
		{C93CCB84-F3D6-4D1A-82FA-01D9583AC4B4}.Debug|Any CPU.ActiveCfg = Debug|Any CPU
		{C93CCB84-F3D6-4D1A-82FA-01D9583AC4B4}.Debug|Any CPU.Build.0 = Debug|Any CPU
		{C93CCB84-F3D6-4D1A-82FA-01D9583AC4B4}.Release|Any CPU.ActiveCfg = Release|Any CPU
		{C93CCB84-F3D6-4D1A-82FA-01D9583AC4B4}.Release|Any CPU.Build.0 = Release|Any CPU
		{04E124F5-CCAA-4247-8B04-543377A49D5D}.Debug|Any CPU.ActiveCfg = Debug|Any CPU
		{04E124F5-CCAA-4247-8B04-543377A49D5D}.Debug|Any CPU.Build.0 = Debug|Any CPU
		{04E124F5-CCAA-4247-8B04-543377A49D5D}.Release|Any CPU.ActiveCfg = Release|Any CPU
		{04E124F5-CCAA-4247-8B04-543377A49D5D}.Release|Any CPU.Build.0 = Release|Any CPU
		{949461F7-2E23-4F6C-BEC1-3B6FFE6AD385}.Debug|Any CPU.ActiveCfg = Debug|Any CPU
		{949461F7-2E23-4F6C-BEC1-3B6FFE6AD385}.Debug|Any CPU.Build.0 = Debug|Any CPU
		{949461F7-2E23-4F6C-BEC1-3B6FFE6AD385}.Release|Any CPU.ActiveCfg = Release|Any CPU
		{949461F7-2E23-4F6C-BEC1-3B6FFE6AD385}.Release|Any CPU.Build.0 = Release|Any CPU
		{D07B2F4F-3184-405C-8E72-FADAE7CF4605}.Debug|Any CPU.ActiveCfg = Debug|Any CPU
		{D07B2F4F-3184-405C-8E72-FADAE7CF4605}.Debug|Any CPU.Build.0 = Debug|Any CPU
		{D07B2F4F-3184-405C-8E72-FADAE7CF4605}.Release|Any CPU.ActiveCfg = Release|Any CPU
		{D07B2F4F-3184-405C-8E72-FADAE7CF4605}.Release|Any CPU.Build.0 = Release|Any CPU
	EndGlobalSection
EndGlobal
